// !$*UTF8*$!
{
	archiveVersion = 1;
	classes = {
	};
	objectVersion = 51;
	objects = {

/* Begin PBXBuildFile section */
		295E1E0E25A2B34400EF3CC1 /* Brain.swift in Sources */ = {isa = PBXBuildFile; fileRef = 295E1E0D25A2B34400EF3CC1 /* Brain.swift */; };
		29E822752769B2C800D46909 /* StatsController.swift in Sources */ = {isa = PBXBuildFile; fileRef = 29E822742769B2C800D46909 /* StatsController.swift */; };
		29EBB4A126AB9AD400A298EE /* UninstalledItemController.swift in Sources */ = {isa = PBXBuildFile; fileRef = 29EBB4A026AB9AD400A298EE /* UninstalledItemController.swift */; };
		29ED2F9E25275C820073B760 /* AppDelegate.swift in Sources */ = {isa = PBXBuildFile; fileRef = 29ED2F9D25275C820073B760 /* AppDelegate.swift */; };
		29ED2FA025275C820073B760 /* SceneDelegate.swift in Sources */ = {isa = PBXBuildFile; fileRef = 29ED2F9F25275C820073B760 /* SceneDelegate.swift */; };
		29ED2FA225275C820073B760 /* ViewController.swift in Sources */ = {isa = PBXBuildFile; fileRef = 29ED2FA125275C820073B760 /* ViewController.swift */; };
		29ED2FA525275C820073B760 /* Main.storyboard in Resources */ = {isa = PBXBuildFile; fileRef = 29ED2FA325275C820073B760 /* Main.storyboard */; };
		29ED2FA725275C850073B760 /* Assets.xcassets in Resources */ = {isa = PBXBuildFile; fileRef = 29ED2FA625275C850073B760 /* Assets.xcassets */; };
		29ED2FAA25275C850073B760 /* LaunchScreen.storyboard in Resources */ = {isa = PBXBuildFile; fileRef = 29ED2FA825275C850073B760 /* LaunchScreen.storyboard */; };
		29ED2FB425276D980073B760 /* GoogleService-Info.plist in Resources */ = {isa = PBXBuildFile; fileRef = 29ED2FB325276D980073B760 /* GoogleService-Info.plist */; };
		29ED2FB6252779AE0073B760 /* Item.swift in Sources */ = {isa = PBXBuildFile; fileRef = 29ED2FB5252779AE0073B760 /* Item.swift */; };
		29ED2FB825278D110073B760 /* Extensions.swift in Sources */ = {isa = PBXBuildFile; fileRef = 29ED2FB725278D110073B760 /* Extensions.swift */; };
		9BDF99AFE65A9612E40CE9E1 /* Pods_ForfeitVerificationV3_2_1.framework in Frameworks */ = {isa = PBXBuildFile; fileRef = C47F9F303C446123F636AC91 /* Pods_ForfeitVerificationV3_2_1.framework */; };
/* End PBXBuildFile section */

/* Begin PBXFileReference section */
		295E1E0D25A2B34400EF3CC1 /* Brain.swift */ = {isa = PBXFileReference; lastKnownFileType = sourcecode.swift; path = Brain.swift; sourceTree = "<group>"; };
		29E822742769B2C800D46909 /* StatsController.swift */ = {isa = PBXFileReference; lastKnownFileType = sourcecode.swift; path = StatsController.swift; sourceTree = "<group>"; };
		29EBB4A026AB9AD400A298EE /* UninstalledItemController.swift */ = {isa = PBXFileReference; lastKnownFileType = sourcecode.swift; path = UninstalledItemController.swift; sourceTree = "<group>"; };
		29ED2F9A25275C820073B760 /* ForfeitVerificationV3.2.1.app */ = {isa = PBXFileReference; explicitFileType = wrapper.application; includeInIndex = 0; path = ForfeitVerificationV3.2.1.app; sourceTree = BUILT_PRODUCTS_DIR; };
		29ED2F9D25275C820073B760 /* AppDelegate.swift */ = {isa = PBXFileReference; lastKnownFileType = sourcecode.swift; path = AppDelegate.swift; sourceTree = "<group>"; };
		29ED2F9F25275C820073B760 /* SceneDelegate.swift */ = {isa = PBXFileReference; lastKnownFileType = sourcecode.swift; path = SceneDelegate.swift; sourceTree = "<group>"; };
		29ED2FA125275C820073B760 /* ViewController.swift */ = {isa = PBXFileReference; lastKnownFileType = sourcecode.swift; path = ViewController.swift; sourceTree = "<group>"; };
		29ED2FA425275C820073B760 /* Base */ = {isa = PBXFileReference; lastKnownFileType = file.storyboard; name = Base; path = Base.lproj/Main.storyboard; sourceTree = "<group>"; };
		29ED2FA625275C850073B760 /* Assets.xcassets */ = {isa = PBXFileReference; lastKnownFileType = folder.assetcatalog; path = Assets.xcassets; sourceTree = "<group>"; };
		29ED2FA925275C850073B760 /* Base */ = {isa = PBXFileReference; lastKnownFileType = file.storyboard; name = Base; path = Base.lproj/LaunchScreen.storyboard; sourceTree = "<group>"; };
		29ED2FAB25275C850073B760 /* Info.plist */ = {isa = PBXFileReference; lastKnownFileType = text.plist.xml; path = Info.plist; sourceTree = "<group>"; };
		29ED2FB325276D980073B760 /* GoogleService-Info.plist */ = {isa = PBXFileReference; fileEncoding = 4; lastKnownFileType = text.plist.xml; path = "GoogleService-Info.plist"; sourceTree = "<group>"; };
		29ED2FB5252779AE0073B760 /* Item.swift */ = {isa = PBXFileReference; lastKnownFileType = sourcecode.swift; path = Item.swift; sourceTree = "<group>"; };
		29ED2FB725278D110073B760 /* Extensions.swift */ = {isa = PBXFileReference; lastKnownFileType = sourcecode.swift; path = Extensions.swift; sourceTree = "<group>"; };
		32B2F393838FA27DBDAFE5A3 /* Pods-ForfeitVerificationV3.2.1.release.xcconfig */ = {isa = PBXFileReference; includeInIndex = 1; lastKnownFileType = text.xcconfig; name = "Pods-ForfeitVerificationV3.2.1.release.xcconfig"; path = "Target Support Files/Pods-ForfeitVerificationV3.2.1/Pods-ForfeitVerificationV3.2.1.release.xcconfig"; sourceTree = "<group>"; };
		B07F63E5504D379A4CBB848C /* Pods-ForfeitVerificationV3.2.1.debug.xcconfig */ = {isa = PBXFileReference; includeInIndex = 1; lastKnownFileType = text.xcconfig; name = "Pods-ForfeitVerificationV3.2.1.debug.xcconfig"; path = "Target Support Files/Pods-ForfeitVerificationV3.2.1/Pods-ForfeitVerificationV3.2.1.debug.xcconfig"; sourceTree = "<group>"; };
		C47F9F303C446123F636AC91 /* Pods_ForfeitVerificationV3_2_1.framework */ = {isa = PBXFileReference; explicitFileType = wrapper.framework; includeInIndex = 0; path = Pods_ForfeitVerificationV3_2_1.framework; sourceTree = BUILT_PRODUCTS_DIR; };
/* End PBXFileReference section */

/* Begin PBXFrameworksBuildPhase section */
		29ED2F9725275C820073B760 /* Frameworks */ = {
			isa = PBXFrameworksBuildPhase;
			buildActionMask = 2147483647;
			files = (
				9BDF99AFE65A9612E40CE9E1 /* Pods_ForfeitVerificationV3_2_1.framework in Frameworks */,
			);
			runOnlyForDeploymentPostprocessing = 0;
		};
/* End PBXFrameworksBuildPhase section */

/* Begin PBXGroup section */
		295E1E1025A2B34A00EF3CC1 /* Model */ = {
			isa = PBXGroup;
			children = (
				295E1E0D25A2B34400EF3CC1 /* Brain.swift */,
				29ED2FB5252779AE0073B760 /* Item.swift */,
				29ED2FB725278D110073B760 /* Extensions.swift */,
			);
			path = Model;
			sourceTree = "<group>";
		};
		295E1E1125A2B34F00EF3CC1 /* View */ = {
			isa = PBXGroup;
			children = (
				29ED2FA325275C820073B760 /* Main.storyboard */,
			);
			path = View;
			sourceTree = "<group>";
		};
		295E1E1225A2B35B00EF3CC1 /* Controller */ = {
			isa = PBXGroup;
			children = (
				29ED2FA125275C820073B760 /* ViewController.swift */,
				29EBB4A026AB9AD400A298EE /* UninstalledItemController.swift */,
				29E822742769B2C800D46909 /* StatsController.swift */,
			);
			path = Controller;
			sourceTree = "<group>";
		};
		29ED2F9125275C820073B760 = {
			isa = PBXGroup;
			children = (
				29ED2F9C25275C820073B760 /* ForfeitVerificationV3.2.1 */,
				29ED2F9B25275C820073B760 /* Products */,
				330B42B0BBA2C05F0A2453D2 /* Pods */,
				930ACA59F36D38DCDA38A8D6 /* Frameworks */,
			);
			sourceTree = "<group>";
		};
		29ED2F9B25275C820073B760 /* Products */ = {
			isa = PBXGroup;
			children = (
				29ED2F9A25275C820073B760 /* ForfeitVerificationV3.2.1.app */,
			);
			name = Products;
			sourceTree = "<group>";
		};
		29ED2F9C25275C820073B760 /* ForfeitVerificationV3.2.1 */ = {
			isa = PBXGroup;
			children = (
				29ED2F9D25275C820073B760 /* AppDelegate.swift */,
				29ED2F9F25275C820073B760 /* SceneDelegate.swift */,
				295E1E1025A2B34A00EF3CC1 /* Model */,
				295E1E1125A2B34F00EF3CC1 /* View */,
				295E1E1225A2B35B00EF3CC1 /* Controller */,
				29ED2FA625275C850073B760 /* Assets.xcassets */,
				29ED2FA825275C850073B760 /* LaunchScreen.storyboard */,
				29ED2FAB25275C850073B760 /* Info.plist */,
				29ED2FB325276D980073B760 /* GoogleService-Info.plist */,
			);
			path = ForfeitVerificationV3.2.1;
			sourceTree = "<group>";
		};
		330B42B0BBA2C05F0A2453D2 /* Pods */ = {
			isa = PBXGroup;
			children = (
				B07F63E5504D379A4CBB848C /* Pods-ForfeitVerificationV3.2.1.debug.xcconfig */,
				32B2F393838FA27DBDAFE5A3 /* Pods-ForfeitVerificationV3.2.1.release.xcconfig */,
			);
			path = Pods;
			sourceTree = "<group>";
		};
		930ACA59F36D38DCDA38A8D6 /* Frameworks */ = {
			isa = PBXGroup;
			children = (
				C47F9F303C446123F636AC91 /* Pods_ForfeitVerificationV3_2_1.framework */,
			);
			name = Frameworks;
			sourceTree = "<group>";
		};
/* End PBXGroup section */

/* Begin PBXNativeTarget section */
		29ED2F9925275C820073B760 /* ForfeitVerificationV3.2.1 */ = {
			isa = PBXNativeTarget;
			buildConfigurationList = 29ED2FAE25275C850073B760 /* Build configuration list for PBXNativeTarget "ForfeitVerificationV3.2.1" */;
			buildPhases = (
				30D1BE3D102B5084839190A2 /* [CP] Check Pods Manifest.lock */,
				29ED2F9625275C820073B760 /* Sources */,
				29ED2F9725275C820073B760 /* Frameworks */,
				29ED2F9825275C820073B760 /* Resources */,
				0521A3AD7B685EE70D936626 /* [CP] Embed Pods Frameworks */,
			);
			buildRules = (
			);
			dependencies = (
			);
			name = ForfeitVerificationV3.2.1;
			productName = ForfeitVerificationV3.2.1;
			productReference = 29ED2F9A25275C820073B760 /* ForfeitVerificationV3.2.1.app */;
			productType = "com.apple.product-type.application";
		};
/* End PBXNativeTarget section */

/* Begin PBXProject section */
		29ED2F9225275C820073B760 /* Project object */ = {
			isa = PBXProject;
			attributes = {
				LastSwiftUpdateCheck = 1170;
				LastUpgradeCheck = 1170;
				ORGANIZATIONNAME = "Ava Ford";
				TargetAttributes = {
					29ED2F9925275C820073B760 = {
						CreatedOnToolsVersion = 11.7;
					};
				};
			};
			buildConfigurationList = 29ED2F9525275C820073B760 /* Build configuration list for PBXProject "ForfeitVerificationV3.2.1" */;
			compatibilityVersion = "Xcode 9.3";
			developmentRegion = en;
			hasScannedForEncodings = 0;
			knownRegions = (
				en,
				Base,
			);
			mainGroup = 29ED2F9125275C820073B760;
			productRefGroup = 29ED2F9B25275C820073B760 /* Products */;
			projectDirPath = "";
			projectRoot = "";
			targets = (
				29ED2F9925275C820073B760 /* ForfeitVerificationV3.2.1 */,
			);
		};
/* End PBXProject section */

/* Begin PBXResourcesBuildPhase section */
		29ED2F9825275C820073B760 /* Resources */ = {
			isa = PBXResourcesBuildPhase;
			buildActionMask = 2147483647;
			files = (
				29ED2FAA25275C850073B760 /* LaunchScreen.storyboard in Resources */,
				29ED2FB425276D980073B760 /* GoogleService-Info.plist in Resources */,
				29ED2FA725275C850073B760 /* Assets.xcassets in Resources */,
				29ED2FA525275C820073B760 /* Main.storyboard in Resources */,
			);
			runOnlyForDeploymentPostprocessing = 0;
		};
/* End PBXResourcesBuildPhase section */

/* Begin PBXShellScriptBuildPhase section */
		0521A3AD7B685EE70D936626 /* [CP] Embed Pods Frameworks */ = {
			isa = PBXShellScriptBuildPhase;
			buildActionMask = 2147483647;
			files = (
			);
			inputFileListPaths = (
				"${PODS_ROOT}/Target Support Files/Pods-ForfeitVerificationV3.2.1/Pods-ForfeitVerificationV3.2.1-frameworks-${CONFIGURATION}-input-files.xcfilelist",
			);
			name = "[CP] Embed Pods Frameworks";
			outputFileListPaths = (
				"${PODS_ROOT}/Target Support Files/Pods-ForfeitVerificationV3.2.1/Pods-ForfeitVerificationV3.2.1-frameworks-${CONFIGURATION}-output-files.xcfilelist",
			);
			runOnlyForDeploymentPostprocessing = 0;
			shellPath = /bin/sh;
			shellScript = "\"${PODS_ROOT}/Target Support Files/Pods-ForfeitVerificationV3.2.1/Pods-ForfeitVerificationV3.2.1-frameworks.sh\"\n";
			showEnvVarsInLog = 0;
		};
		30D1BE3D102B5084839190A2 /* [CP] Check Pods Manifest.lock */ = {
			isa = PBXShellScriptBuildPhase;
			buildActionMask = 2147483647;
			files = (
			);
			inputFileListPaths = (
			);
			inputPaths = (
				"${PODS_PODFILE_DIR_PATH}/Podfile.lock",
				"${PODS_ROOT}/Manifest.lock",
			);
			name = "[CP] Check Pods Manifest.lock";
			outputFileListPaths = (
			);
			outputPaths = (
				"$(DERIVED_FILE_DIR)/Pods-ForfeitVerificationV3.2.1-checkManifestLockResult.txt",
			);
			runOnlyForDeploymentPostprocessing = 0;
			shellPath = /bin/sh;
			shellScript = "diff \"${PODS_PODFILE_DIR_PATH}/Podfile.lock\" \"${PODS_ROOT}/Manifest.lock\" > /dev/null\nif [ $? != 0 ] ; then\n    # print error to STDERR\n    echo \"error: The sandbox is not in sync with the Podfile.lock. Run 'pod install' or update your CocoaPods installation.\" >&2\n    exit 1\nfi\n# This output is used by Xcode 'outputs' to avoid re-running this script phase.\necho \"SUCCESS\" > \"${SCRIPT_OUTPUT_FILE_0}\"\n";
			showEnvVarsInLog = 0;
		};
/* End PBXShellScriptBuildPhase section */

/* Begin PBXSourcesBuildPhase section */
		29ED2F9625275C820073B760 /* Sources */ = {
			isa = PBXSourcesBuildPhase;
			buildActionMask = 2147483647;
			files = (
				29EBB4A126AB9AD400A298EE /* UninstalledItemController.swift in Sources */,
				295E1E0E25A2B34400EF3CC1 /* Brain.swift in Sources */,
				29ED2FB825278D110073B760 /* Extensions.swift in Sources */,
				29E822752769B2C800D46909 /* StatsController.swift in Sources */,
				29ED2FB6252779AE0073B760 /* Item.swift in Sources */,
				29ED2FA225275C820073B760 /* ViewController.swift in Sources */,
				29ED2F9E25275C820073B760 /* AppDelegate.swift in Sources */,
				29ED2FA025275C820073B760 /* SceneDelegate.swift in Sources */,
			);
			runOnlyForDeploymentPostprocessing = 0;
		};
/* End PBXSourcesBuildPhase section */

/* Begin PBXVariantGroup section */
		29ED2FA325275C820073B760 /* Main.storyboard */ = {
			isa = PBXVariantGroup;
			children = (
				29ED2FA425275C820073B760 /* Base */,
			);
			name = Main.storyboard;
			sourceTree = "<group>";
		};
		29ED2FA825275C850073B760 /* LaunchScreen.storyboard */ = {
			isa = PBXVariantGroup;
			children = (
				29ED2FA925275C850073B760 /* Base */,
			);
			name = LaunchScreen.storyboard;
			sourceTree = "<group>";
		};
/* End PBXVariantGroup section */

/* Begin XCBuildConfiguration section */
		29ED2FAC25275C850073B760 /* Debug */ = {
			isa = XCBuildConfiguration;
			buildSettings = {
				ALWAYS_SEARCH_USER_PATHS = NO;
				CLANG_ANALYZER_NONNULL = YES;
				CLANG_ANALYZER_NUMBER_OBJECT_CONVERSION = YES_AGGRESSIVE;
				CLANG_CXX_LANGUAGE_STANDARD = "gnu++14";
				CLANG_CXX_LIBRARY = "libc++";
				CLANG_ENABLE_MODULES = YES;
				CLANG_ENABLE_OBJC_ARC = YES;
				CLANG_ENABLE_OBJC_WEAK = YES;
				CLANG_WARN_BLOCK_CAPTURE_AUTORELEASING = YES;
				CLANG_WARN_BOOL_CONVERSION = YES;
				CLANG_WARN_COMMA = YES;
				CLANG_WARN_CONSTANT_CONVERSION = YES;
				CLANG_WARN_DEPRECATED_OBJC_IMPLEMENTATIONS = YES;
				CLANG_WARN_DIRECT_OBJC_ISA_USAGE = YES_ERROR;
				CLANG_WARN_DOCUMENTATION_COMMENTS = YES;
				CLANG_WARN_EMPTY_BODY = YES;
				CLANG_WARN_ENUM_CONVERSION = YES;
				CLANG_WARN_INFINITE_RECURSION = YES;
				CLANG_WARN_INT_CONVERSION = YES;
				CLANG_WARN_NON_LITERAL_NULL_CONVERSION = YES;
				CLANG_WARN_OBJC_IMPLICIT_RETAIN_SELF = YES;
				CLANG_WARN_OBJC_LITERAL_CONVERSION = YES;
				CLANG_WARN_OBJC_ROOT_CLASS = YES_ERROR;
				CLANG_WARN_RANGE_LOOP_ANALYSIS = YES;
				CLANG_WARN_STRICT_PROTOTYPES = YES;
				CLANG_WARN_SUSPICIOUS_MOVE = YES;
				CLANG_WARN_UNGUARDED_AVAILABILITY = YES_AGGRESSIVE;
				CLANG_WARN_UNREACHABLE_CODE = YES;
				CLANG_WARN__DUPLICATE_METHOD_MATCH = YES;
				COPY_PHASE_STRIP = NO;
				DEBUG_INFORMATION_FORMAT = dwarf;
				ENABLE_STRICT_OBJC_MSGSEND = YES;
				ENABLE_TESTABILITY = YES;
				GCC_C_LANGUAGE_STANDARD = gnu11;
				GCC_DYNAMIC_NO_PIC = NO;
				GCC_NO_COMMON_BLOCKS = YES;
				GCC_OPTIMIZATION_LEVEL = 0;
				GCC_PREPROCESSOR_DEFINITIONS = (
					"DEBUG=1",
					"$(inherited)",
				);
				GCC_WARN_64_TO_32_BIT_CONVERSION = YES;
				GCC_WARN_ABOUT_RETURN_TYPE = YES_ERROR;
				GCC_WARN_UNDECLARED_SELECTOR = YES;
				GCC_WARN_UNINITIALIZED_AUTOS = YES_AGGRESSIVE;
				GCC_WARN_UNUSED_FUNCTION = YES;
				GCC_WARN_UNUSED_VARIABLE = YES;
				IPHONEOS_DEPLOYMENT_TARGET = 13.7;
				MTL_ENABLE_DEBUG_INFO = INCLUDE_SOURCE;
				MTL_FAST_MATH = YES;
				ONLY_ACTIVE_ARCH = YES;
				SDKROOT = iphoneos;
				SWIFT_ACTIVE_COMPILATION_CONDITIONS = DEBUG;
				SWIFT_OPTIMIZATION_LEVEL = "-Onone";
			};
			name = Debug;
		};
		29ED2FAD25275C850073B760 /* Release */ = {
			isa = XCBuildConfiguration;
			buildSettings = {
				ALWAYS_SEARCH_USER_PATHS = NO;
				CLANG_ANALYZER_NONNULL = YES;
				CLANG_ANALYZER_NUMBER_OBJECT_CONVERSION = YES_AGGRESSIVE;
				CLANG_CXX_LANGUAGE_STANDARD = "gnu++14";
				CLANG_CXX_LIBRARY = "libc++";
				CLANG_ENABLE_MODULES = YES;
				CLANG_ENABLE_OBJC_ARC = YES;
				CLANG_ENABLE_OBJC_WEAK = YES;
				CLANG_WARN_BLOCK_CAPTURE_AUTORELEASING = YES;
				CLANG_WARN_BOOL_CONVERSION = YES;
				CLANG_WARN_COMMA = YES;
				CLANG_WARN_CONSTANT_CONVERSION = YES;
				CLANG_WARN_DEPRECATED_OBJC_IMPLEMENTATIONS = YES;
				CLANG_WARN_DIRECT_OBJC_ISA_USAGE = YES_ERROR;
				CLANG_WARN_DOCUMENTATION_COMMENTS = YES;
				CLANG_WARN_EMPTY_BODY = YES;
				CLANG_WARN_ENUM_CONVERSION = YES;
				CLANG_WARN_INFINITE_RECURSION = YES;
				CLANG_WARN_INT_CONVERSION = YES;
				CLANG_WARN_NON_LITERAL_NULL_CONVERSION = YES;
				CLANG_WARN_OBJC_IMPLICIT_RETAIN_SELF = YES;
				CLANG_WARN_OBJC_LITERAL_CONVERSION = YES;
				CLANG_WARN_OBJC_ROOT_CLASS = YES_ERROR;
				CLANG_WARN_RANGE_LOOP_ANALYSIS = YES;
				CLANG_WARN_STRICT_PROTOTYPES = YES;
				CLANG_WARN_SUSPICIOUS_MOVE = YES;
				CLANG_WARN_UNGUARDED_AVAILABILITY = YES_AGGRESSIVE;
				CLANG_WARN_UNREACHABLE_CODE = YES;
				CLANG_WARN__DUPLICATE_METHOD_MATCH = YES;
				COPY_PHASE_STRIP = NO;
				DEBUG_INFORMATION_FORMAT = "dwarf-with-dsym";
				ENABLE_NS_ASSERTIONS = NO;
				ENABLE_STRICT_OBJC_MSGSEND = YES;
				GCC_C_LANGUAGE_STANDARD = gnu11;
				GCC_NO_COMMON_BLOCKS = YES;
				GCC_WARN_64_TO_32_BIT_CONVERSION = YES;
				GCC_WARN_ABOUT_RETURN_TYPE = YES_ERROR;
				GCC_WARN_UNDECLARED_SELECTOR = YES;
				GCC_WARN_UNINITIALIZED_AUTOS = YES_AGGRESSIVE;
				GCC_WARN_UNUSED_FUNCTION = YES;
				GCC_WARN_UNUSED_VARIABLE = YES;
				IPHONEOS_DEPLOYMENT_TARGET = 13.7;
				MTL_ENABLE_DEBUG_INFO = NO;
				MTL_FAST_MATH = YES;
				SDKROOT = iphoneos;
				SWIFT_COMPILATION_MODE = wholemodule;
				SWIFT_OPTIMIZATION_LEVEL = "-O";
				VALIDATE_PRODUCT = YES;
			};
			name = Release;
		};
		29ED2FAF25275C850073B760 /* Debug */ = {
			isa = XCBuildConfiguration;
			baseConfigurationReference = B07F63E5504D379A4CBB848C /* Pods-ForfeitVerificationV3.2.1.debug.xcconfig */;
			buildSettings = {
				ASSETCATALOG_COMPILER_APPICON_NAME = AppIcon;
				CODE_SIGN_STYLE = Automatic;
				DEVELOPMENT_TEAM = 5Q9YK3MTQ6;
				INFOPLIST_FILE = ForfeitVerificationV3.2.1/Info.plist;
				LD_RUNPATH_SEARCH_PATHS = (
					"$(inherited)",
					"@executable_path/Frameworks",
				);
				PRODUCT_BUNDLE_IDENTIFIER = "avaford19.ForfeitVerificationV3-2-1";
				PRODUCT_NAME = "$(TARGET_NAME)";
				SWIFT_VERSION = 5.0;
				TARGETED_DEVICE_FAMILY = "1,2";
			};
			name = Debug;
		};
		29ED2FB025275C850073B760 /* Release */ = {
			isa = XCBuildConfiguration;
			baseConfigurationReference = 32B2F393838FA27DBDAFE5A3 /* Pods-ForfeitVerificationV3.2.1.release.xcconfig */;
			buildSettings = {
				ASSETCATALOG_COMPILER_APPICON_NAME = AppIcon;
				CODE_SIGN_STYLE = Automatic;
				DEVELOPMENT_TEAM = 5Q9YK3MTQ6;
				INFOPLIST_FILE = ForfeitVerificationV3.2.1/Info.plist;
				LD_RUNPATH_SEARCH_PATHS = (
					"$(inherited)",
					"@executable_path/Frameworks",
				);
				PRODUCT_BUNDLE_IDENTIFIER = "avaford19.ForfeitVerificationV3-2-1";
				PRODUCT_NAME = "$(TARGET_NAME)";
				SWIFT_VERSION = 5.0;
				TARGETED_DEVICE_FAMILY = "1,2";
			};
			name = Release;
		};
/* End XCBuildConfiguration section */

/* Begin XCConfigurationList section */
		29ED2F9525275C820073B760 /* Build configuration list for PBXProject "ForfeitVerificationV3.2.1" */ = {
			isa = XCConfigurationList;
			buildConfigurations = (
				29ED2FAC25275C850073B760 /* Debug */,
				29ED2FAD25275C850073B760 /* Release */,
			);
			defaultConfigurationIsVisible = 0;
			defaultConfigurationName = Release;
		};
		29ED2FAE25275C850073B760 /* Build configuration list for PBXNativeTarget "ForfeitVerificationV3.2.1" */ = {
			isa = XCConfigurationList;
			buildConfigurations = (
				29ED2FAF25275C850073B760 /* Debug */,
				29ED2FB025275C850073B760 /* Release */,
			);
			defaultConfigurationIsVisible = 0;
			defaultConfigurationName = Release;
		};
/* End XCConfigurationList section */
	};
	rootObject = 29ED2F9225275C820073B760 /* Project object */;
}
